# This file is automatically @generated by Cargo.
# It is not intended for manual editing.
version = 4

[[package]]
name = "syauth"
version = "0.1.0"

[[package]]
name = "syauth-cli"
version = "0.1.0"

[[package]]
name = "syauth-core"
version = "0.1.0"

[[package]]
name = "syauth-mobile"
version = "0.1.0"

[[package]]
name = "syauth-pam"
version = "0.1.0"

[[package]]
name = "syauth-transport"
version = "0.1.0"
